
Microsoft Visual Studio Solution File, Format Version 12.00
Project("{FAE04EC0-301F-11D3-BF4B-00C04F79EFBC}") = "CRUD Project", "CRUD Project\CRUD Project.csproj", "{A2C29865-66C8-4419-9162-4795412BFFA6}"
EndProject
Project("{FAE04EC0-301F-11D3-BF4B-00C04F79EFBC}") = "CrudTest", "CrudTest\CrudTest.csproj", "{C196E278-F0DE-4504-956D-9D734CB38309}"
EndProject
Global
	GlobalSection(SolutionConfigurationPlatforms) = preSolution
		Debug|Any CPU = Debug|Any CPU
		Release|Any CPU = Release|Any CPU
	EndGlobalSection
	GlobalSection(ProjectConfigurationPlatforms) = postSolution
		{A2C29865-66C8-4419-9162-4795412BFFA6}.Debug|Any CPU.ActiveCfg = Debug|Any CPU
		{A2C29865-66C8-4419-9162-4795412BFFA6}.Debug|Any CPU.Build.0 = Debug|Any CPU
		{A2C29865-66C8-4419-9162-4795412BFFA6}.Release|Any CPU.ActiveCfg = Release|Any CPU
		{A2C29865-66C8-4419-9162-4795412BFFA6}.Release|Any CPU.Build.0 = Release|Any CPU
		{C196E278-F0DE-4504-956D-9D734CB38309}.Debug|Any CPU.ActiveCfg = Debug|Any CPU
		{C196E278-F0DE-4504-956D-9D734CB38309}.Debug|Any CPU.Build.0 = Debug|Any CPU
		{C196E278-F0DE-4504-956D-9D734CB38309}.Release|Any CPU.ActiveCfg = Release|Any CPU
		{C196E278-F0DE-4504-956D-9D734CB38309}.Release|Any CPU.Build.0 = Release|Any CPU
	EndGlobalSection
EndGlobal
